
Microsoft Visual Studio Solution File, Format Version 12.00
# Visual Studio Version 16
VisualStudioVersion = 16.0.33328.57
MinimumVisualStudioVersion = 10.0.40219.1
Project("{9A19103F-16F7-4668-BE54-9A1E7A4F7556}") = "project_01", "project_01\project_01.csproj", "{4762F896-1134-48C4-8285-5679933DFA0E}"
EndProject
Project("{FAE04EC0-301F-11D3-BF4B-00C04F79EFBC}") = "project_02", "project_02\project_02.csproj", "{5E8B03B0-B3FC-489E-9FC6-BC7B82CF5407}"
EndProject
Global
	GlobalSection(SolutionConfigurationPlatforms) = preSolution
		Debug|Any CPU = Debug|Any CPU
		Release|Any CPU = Release|Any CPU
	EndGlobalSection
	GlobalSection(ProjectConfigurationPlatforms) = postSolution
		{4762F896-1134-48C4-8285-5679933DFA0E}.Debug|Any CPU.ActiveCfg = Debug|Any CPU
		{4762F896-1134-48C4-8285-5679933DFA0E}.Debug|Any CPU.Build.0 = Debug|Any CPU
		{4762F896-1134-48C4-8285-5679933DFA0E}.Release|Any CPU.ActiveCfg = Release|Any CPU
		{4762F896-1134-48C4-8285-5679933DFA0E}.Release|Any CPU.Build.0 = Release|Any CPU
		{5E8B03B0-B3FC-489E-9FC6-BC7B82CF5407}.Debug|Any CPU.ActiveCfg = Debug|Any CPU
		{5E8B03B0-B3FC-489E-9FC6-BC7B82CF5407}.Debug|Any CPU.Build.0 = Debug|Any CPU
		{5E8B03B0-B3FC-489E-9FC6-BC7B82CF5407}.Release|Any CPU.ActiveCfg = Release|Any CPU
		{5E8B03B0-B3FC-489E-9FC6-BC7B82CF5407}.Release|Any CPU.Build.0 = Release|Any CPU
	EndGlobalSection
	GlobalSection(SolutionProperties) = preSolution
		HideSolutionNode = FALSE
	EndGlobalSection
	GlobalSection(ExtensibilityGlobals) = postSolution
		SolutionGuid = {EDEFC63D-A1CF-4049-969E-4F660DE46918}
	EndGlobalSection
EndGlobal
