
Microsoft Visual Studio Solution File, Format Version 12.00
# Visual Studio Version 16
VisualStudioVersion = 16.0.33529.622
MinimumVisualStudioVersion = 10.0.40219.1
Project("{FAE04EC0-301F-11D3-BF4B-00C04F79EFBC}") = "project_1", "project_1\project_1.csproj", "{B27F16E0-46D9-43EB-8C30-EF47C2EB1BE2}"
EndProject
Project("{FAE04EC0-301F-11D3-BF4B-00C04F79EFBC}") = "project_2", "project_2\project_2.csproj", "{824230FC-8EAF-42C5-943B-1E183D47D351}"
EndProject
Global
	GlobalSection(SolutionConfigurationPlatforms) = preSolution
		Debug|Any CPU = Debug|Any CPU
		Release|Any CPU = Release|Any CPU
	EndGlobalSection
	GlobalSection(ProjectConfigurationPlatforms) = postSolution
		{B27F16E0-46D9-43EB-8C30-EF47C2EB1BE2}.Debug|Any CPU.ActiveCfg = Debug|Any CPU
		{B27F16E0-46D9-43EB-8C30-EF47C2EB1BE2}.Debug|Any CPU.Build.0 = Debug|Any CPU
		{B27F16E0-46D9-43EB-8C30-EF47C2EB1BE2}.Release|Any CPU.ActiveCfg = Release|Any CPU
		{B27F16E0-46D9-43EB-8C30-EF47C2EB1BE2}.Release|Any CPU.Build.0 = Release|Any CPU
		{824230FC-8EAF-42C5-943B-1E183D47D351}.Debug|Any CPU.ActiveCfg = Debug|Any CPU
		{824230FC-8EAF-42C5-943B-1E183D47D351}.Debug|Any CPU.Build.0 = Debug|Any CPU
		{824230FC-8EAF-42C5-943B-1E183D47D351}.Release|Any CPU.ActiveCfg = Release|Any CPU
		{824230FC-8EAF-42C5-943B-1E183D47D351}.Release|Any CPU.Build.0 = Release|Any CPU
	EndGlobalSection
	GlobalSection(SolutionProperties) = preSolution
		HideSolutionNode = FALSE
	EndGlobalSection
	GlobalSection(ExtensibilityGlobals) = postSolution
		SolutionGuid = {DB2FFCC1-C719-4572-81BC-2F021C1F25BB}
	EndGlobalSection
EndGlobal
