
Microsoft Visual Studio Solution File, Format Version 12.00
# Visual Studio Version 16
VisualStudioVersion = 16.0.33328.57
MinimumVisualStudioVersion = 10.0.40219.1
Project("{FAE04EC0-301F-11D3-BF4B-00C04F79EFBC}") = "project_1", "project_1\project_1.csproj", "{7369D7FC-7D15-4AE1-A486-871F363D07B9}"
EndProject
Project("{FAE04EC0-301F-11D3-BF4B-00C04F79EFBC}") = "project_2", "project_2\project_2.csproj", "{202C68D5-60C2-4321-B7A4-C7444AECC430}"
EndProject
Project("{FAE04EC0-301F-11D3-BF4B-00C04F79EFBC}") = "project_3", "project_3\project_3.csproj", "{2FC3BDE9-473F-49C7-964D-C5A9A8E87CE9}"
EndProject
Global
	GlobalSection(SolutionConfigurationPlatforms) = preSolution
		Debug|Any CPU = Debug|Any CPU
		Release|Any CPU = Release|Any CPU
	EndGlobalSection
	GlobalSection(ProjectConfigurationPlatforms) = postSolution
		{7369D7FC-7D15-4AE1-A486-871F363D07B9}.Debug|Any CPU.ActiveCfg = Debug|Any CPU
		{7369D7FC-7D15-4AE1-A486-871F363D07B9}.Debug|Any CPU.Build.0 = Debug|Any CPU
		{7369D7FC-7D15-4AE1-A486-871F363D07B9}.Release|Any CPU.ActiveCfg = Release|Any CPU
		{7369D7FC-7D15-4AE1-A486-871F363D07B9}.Release|Any CPU.Build.0 = Release|Any CPU
		{202C68D5-60C2-4321-B7A4-C7444AECC430}.Debug|Any CPU.ActiveCfg = Debug|Any CPU
		{202C68D5-60C2-4321-B7A4-C7444AECC430}.Debug|Any CPU.Build.0 = Debug|Any CPU
		{202C68D5-60C2-4321-B7A4-C7444AECC430}.Release|Any CPU.ActiveCfg = Release|Any CPU
		{202C68D5-60C2-4321-B7A4-C7444AECC430}.Release|Any CPU.Build.0 = Release|Any CPU
		{2FC3BDE9-473F-49C7-964D-C5A9A8E87CE9}.Debug|Any CPU.ActiveCfg = Debug|Any CPU
		{2FC3BDE9-473F-49C7-964D-C5A9A8E87CE9}.Debug|Any CPU.Build.0 = Debug|Any CPU
		{2FC3BDE9-473F-49C7-964D-C5A9A8E87CE9}.Release|Any CPU.ActiveCfg = Release|Any CPU
		{2FC3BDE9-473F-49C7-964D-C5A9A8E87CE9}.Release|Any CPU.Build.0 = Release|Any CPU
	EndGlobalSection
	GlobalSection(SolutionProperties) = preSolution
		HideSolutionNode = FALSE
	EndGlobalSection
	GlobalSection(ExtensibilityGlobals) = postSolution
		SolutionGuid = {52F47441-0B6E-472E-83E5-13498D9FB1B9}
	EndGlobalSection
EndGlobal
